
Microsoft Visual Studio Solution File, Format Version 12.00
# Visual Studio Version 17
VisualStudioVersion = 17.0.31919.166
MinimumVisualStudioVersion = 10.0.40219.1
Project("{FAE04EC0-301F-11D3-BF4B-00C04F79EFBC}") = "QuestionPlatform", "QuestionPlatform\QuestionPlatform.csproj", "{BB1F37A2-69B8-4E31-B993-F32F2EF1E251}"
EndProject
Global
	GlobalSection(SolutionConfigurationPlatforms) = preSolution
		Debug|Any CPU = Debug|Any CPU
		Release|Any CPU = Release|Any CPU
	EndGlobalSection
	GlobalSection(ProjectConfigurationPlatforms) = postSolution
		{BB1F37A2-69B8-4E31-B993-F32F2EF1E251}.Debug|Any CPU.ActiveCfg = Debug|Any CPU
		{BB1F37A2-69B8-4E31-B993-F32F2EF1E251}.Debug|Any CPU.Build.0 = Debug|Any CPU
		{BB1F37A2-69B8-4E31-B993-F32F2EF1E251}.Release|Any CPU.ActiveCfg = Release|Any CPU
		{BB1F37A2-69B8-4E31-B993-F32F2EF1E251}.Release|Any CPU.Build.0 = Release|Any CPU
	EndGlobalSection
	GlobalSection(SolutionProperties) = preSolution
		HideSolutionNode = FALSE
	EndGlobalSection
	GlobalSection(ExtensibilityGlobals) = postSolution
		SolutionGuid = {1A8846F6-5EED-4CCD-82EB-7BD7AEB7019C}
	EndGlobalSection
EndGlobal
